
Microsoft Visual Studio Solution File, Format Version 12.00
# Visual Studio 15
VisualStudioVersion = 15.0.28010.2046
MinimumVisualStudioVersion = 10.0.40219.1
Project("{FAE04EC0-301F-11D3-BF4B-00C04F79EFBC}") = "COMP123-S2019-Lesson11B", "COMP123-S2019-Lesson11B\COMP123-S2019-Lesson11B.csproj", "{11FDD140-6171-44EC-A27C-55D64E67C2CE}"
EndProject
Global
	GlobalSection(SolutionConfigurationPlatforms) = preSolution
		Debug|Any CPU = Debug|Any CPU
		Release|Any CPU = Release|Any CPU
	EndGlobalSection
	GlobalSection(ProjectConfigurationPlatforms) = postSolution
		{11FDD140-6171-44EC-A27C-55D64E67C2CE}.Debug|Any CPU.ActiveCfg = Debug|Any CPU
		{11FDD140-6171-44EC-A27C-55D64E67C2CE}.Debug|Any CPU.Build.0 = Debug|Any CPU
		{11FDD140-6171-44EC-A27C-55D64E67C2CE}.Release|Any CPU.ActiveCfg = Release|Any CPU
		{11FDD140-6171-44EC-A27C-55D64E67C2CE}.Release|Any CPU.Build.0 = Release|Any CPU
	EndGlobalSection
	GlobalSection(SolutionProperties) = preSolution
		HideSolutionNode = FALSE
	EndGlobalSection
	GlobalSection(ExtensibilityGlobals) = postSolution
		SolutionGuid = {EF2ECB9E-5C3C-4D3B-85B8-0D70D1F8D601}
	EndGlobalSection
EndGlobal
